// !$*UTF8*$!
{
	archiveVersion = 1;
	classes = {
	};
	objectVersion = 56;
	objects = {

/* Begin PBXBuildFile section */
		97C0B7EE2A774A93002BFFF8 /* SearchCriteriaEntryView.swift in Sources */ = {isa = PBXBuildFile; fileRef = 97C0B7ED2A774A93002BFFF8 /* SearchCriteriaEntryView.swift */; };
		97C0B7F02A774AB8002BFFF8 /* SearchHistoryTable.swift in Sources */ = {isa = PBXBuildFile; fileRef = 97C0B7EF2A774AB8002BFFF8 /* SearchHistoryTable.swift */; };
		97C0B7F22A774AE7002BFFF8 /* HomeHeader.swift in Sources */ = {isa = PBXBuildFile; fileRef = 97C0B7F12A774AE7002BFFF8 /* HomeHeader.swift */; };
		97C0B7F42A774D24002BFFF8 /* HotelSearchs.swift in Sources */ = {isa = PBXBuildFile; fileRef = 97C0B7F32A774D24002BFFF8 /* HotelSearchs.swift */; };
		97C0B7F72A77569A002BFFF8 /* HotelCellView.swift in Sources */ = {isa = PBXBuildFile; fileRef = 97C0B7F62A77569A002BFFF8 /* HotelCellView.swift */; };
		97C0B7FA2A776645002BFFF8 /* HotelDescriptionView.swift in Sources */ = {isa = PBXBuildFile; fileRef = 97C0B7F92A776645002BFFF8 /* HotelDescriptionView.swift */; };
		97C0B7FC2A77687F002BFFF8 /* HotelSearchRequestModels.swift in Sources */ = {isa = PBXBuildFile; fileRef = 97C0B7FB2A77687F002BFFF8 /* HotelSearchRequestModels.swift */; };
		97C0B8002A777039002BFFF8 /* FilterHeaderView.swift in Sources */ = {isa = PBXBuildFile; fileRef = 97C0B7FF2A777039002BFFF8 /* FilterHeaderView.swift */; };
		97C0B8022A77705C002BFFF8 /* PriceFilterView.swift in Sources */ = {isa = PBXBuildFile; fileRef = 97C0B8012A77705C002BFFF8 /* PriceFilterView.swift */; };
		97C0B8042A777090002BFFF8 /* RatingFilterView.swift in Sources */ = {isa = PBXBuildFile; fileRef = 97C0B8032A777090002BFFF8 /* RatingFilterView.swift */; };
		97C0B8062A7770BE002BFFF8 /* FilterFooterBarView.swift in Sources */ = {isa = PBXBuildFile; fileRef = 97C0B8052A7770BE002BFFF8 /* FilterFooterBarView.swift */; };
		97F24F152A742A730088BBFC /* ProfileView.swift in Sources */ = {isa = PBXBuildFile; fileRef = 97F24F142A742A730088BBFC /* ProfileView.swift */; };
		97F24F172A7578EE0088BBFC /* HotelInteractor.swift in Sources */ = {isa = PBXBuildFile; fileRef = 97F24F162A7578EE0088BBFC /* HotelInteractor.swift */; };
		97F24F192A76500C0088BBFC /* HotelListView.swift in Sources */ = {isa = PBXBuildFile; fileRef = 97F24F182A76500C0088BBFC /* HotelListView.swift */; };
		97F24F1B2A7650180088BBFC /* HotelDetailView.swift in Sources */ = {isa = PBXBuildFile; fileRef = 97F24F1A2A7650180088BBFC /* HotelDetailView.swift */; };
		97F24F1D2A7650DD0088BBFC /* HotelSearchModels.swift in Sources */ = {isa = PBXBuildFile; fileRef = 97F24F1C2A7650DD0088BBFC /* HotelSearchModels.swift */; };
		97F24F202A76513F0088BBFC /* HotelPropertyModels.swift in Sources */ = {isa = PBXBuildFile; fileRef = 97F24F1F2A76513F0088BBFC /* HotelPropertyModels.swift */; };
		97F24F232A7659CD0088BBFC /* Date+Tomorrow.swift in Sources */ = {isa = PBXBuildFile; fileRef = 97F24F222A7659CD0088BBFC /* Date+Tomorrow.swift */; };
		97F24F252A7661C00088BBFC /* StubData.swift in Sources */ = {isa = PBXBuildFile; fileRef = 97F24F242A7661C00088BBFC /* StubData.swift */; };
		97F24F282A7668E60088BBFC /* Hotels.swift in Sources */ = {isa = PBXBuildFile; fileRef = 97F24F272A7668E60088BBFC /* Hotels.swift */; };
		97F24F2A2A7669000088BBFC /* PropertyImages.swift in Sources */ = {isa = PBXBuildFile; fileRef = 97F24F292A7669000088BBFC /* PropertyImages.swift */; };
		97F24F2C2A7669230088BBFC /* ImageDatas.swift in Sources */ = {isa = PBXBuildFile; fileRef = 97F24F2B2A7669230088BBFC /* ImageDatas.swift */; };
		97F24F2E2A7669590088BBFC /* URLs.swift in Sources */ = {isa = PBXBuildFile; fileRef = 97F24F2D2A7669590088BBFC /* URLs.swift */; };
		97F24F302A7669D60088BBFC /* PropertyPrices.swift in Sources */ = {isa = PBXBuildFile; fileRef = 97F24F2F2A7669D60088BBFC /* PropertyPrices.swift */; };
		97F24F322A7669EF0088BBFC /* PropertyReviews.swift in Sources */ = {isa = PBXBuildFile; fileRef = 97F24F312A7669EF0088BBFC /* PropertyReviews.swift */; };
		97F24F342A766A090088BBFC /* PropertyPriceLeads.swift in Sources */ = {isa = PBXBuildFile; fileRef = 97F24F332A766A090088BBFC /* PropertyPriceLeads.swift */; };
		97F24F362A766A220088BBFC /* PropertyPriceCurrencyInfos.swift in Sources */ = {isa = PBXBuildFile; fileRef = 97F24F352A766A220088BBFC /* PropertyPriceCurrencyInfos.swift */; };
		97F24F382A766A530088BBFC /* PropertyPriceMessages.swift in Sources */ = {isa = PBXBuildFile; fileRef = 97F24F372A766A530088BBFC /* PropertyPriceMessages.swift */; };
		97F24F3A2A76C3AE0088BBFC /* HotelListFilterView.swift in Sources */ = {isa = PBXBuildFile; fileRef = 97F24F392A76C3AE0088BBFC /* HotelListFilterView.swift */; };
		97F24F3D2A76CFF10088BBFC /* RangeUISlider in Frameworks */ = {isa = PBXBuildFile; productRef = 97F24F3C2A76CFF10088BBFC /* RangeUISlider */; };
		97F24F3F2A76F35E0088BBFC /* Color+Styles.swift in Sources */ = {isa = PBXBuildFile; fileRef = 97F24F3E2A76F35E0088BBFC /* Color+Styles.swift */; };
		97F24F412A76F6D80088BBFC /* Date+Componants.swift in Sources */ = {isa = PBXBuildFile; fileRef = 97F24F402A76F6D80088BBFC /* Date+Componants.swift */; };
		97F24F432A76F7130088BBFC /* GlobalConsts.swift in Sources */ = {isa = PBXBuildFile; fileRef = 97F24F422A76F7130088BBFC /* GlobalConsts.swift */; };
		F9BF20DB2A6A896E006C0C49 /* ShackleHotelBuddyApp.swift in Sources */ = {isa = PBXBuildFile; fileRef = F9BF20DA2A6A896E006C0C49 /* ShackleHotelBuddyApp.swift */; };
		F9BF20DD2A6A896E006C0C49 /* HomeView.swift in Sources */ = {isa = PBXBuildFile; fileRef = F9BF20DC2A6A896E006C0C49 /* HomeView.swift */; };
		F9BF20DF2A6A8970006C0C49 /* Assets.xcassets in Resources */ = {isa = PBXBuildFile; fileRef = F9BF20DE2A6A8970006C0C49 /* Assets.xcassets */; };
		F9BF20EC2A6A8971006C0C49 /* ShackleHotelBuddyTests.swift in Sources */ = {isa = PBXBuildFile; fileRef = F9BF20EB2A6A8971006C0C49 /* ShackleHotelBuddyTests.swift */; };
		F9BF20F62A6A8971006C0C49 /* ShackleHotelBuddyUITests.swift in Sources */ = {isa = PBXBuildFile; fileRef = F9BF20F52A6A8971006C0C49 /* ShackleHotelBuddyUITests.swift */; };
		F9BF20F82A6A8971006C0C49 /* ShackleHotelBuddyUITestsLaunchTests.swift in Sources */ = {isa = PBXBuildFile; fileRef = F9BF20F72A6A8971006C0C49 /* ShackleHotelBuddyUITestsLaunchTests.swift */; };
/* End PBXBuildFile section */

/* Begin PBXContainerItemProxy section */
		F9BF20E82A6A8971006C0C49 /* PBXContainerItemProxy */ = {
			isa = PBXContainerItemProxy;
			containerPortal = F9BF20CF2A6A896E006C0C49 /* Project object */;
			proxyType = 1;
			remoteGlobalIDString = F9BF20D62A6A896E006C0C49;
			remoteInfo = ShackleHotelBuddy;
		};
		F9BF20F22A6A8971006C0C49 /* PBXContainerItemProxy */ = {
			isa = PBXContainerItemProxy;
			containerPortal = F9BF20CF2A6A896E006C0C49 /* Project object */;
			proxyType = 1;
			remoteGlobalIDString = F9BF20D62A6A896E006C0C49;
			remoteInfo = ShackleHotelBuddy;
		};
/* End PBXContainerItemProxy section */

/* Begin PBXFileReference section */
		97C0B7ED2A774A93002BFFF8 /* SearchCriteriaEntryView.swift */ = {isa = PBXFileReference; lastKnownFileType = sourcecode.swift; path = SearchCriteriaEntryView.swift; sourceTree = "<group>"; };
		97C0B7EF2A774AB8002BFFF8 /* SearchHistoryTable.swift */ = {isa = PBXFileReference; lastKnownFileType = sourcecode.swift; path = SearchHistoryTable.swift; sourceTree = "<group>"; };
		97C0B7F12A774AE7002BFFF8 /* HomeHeader.swift */ = {isa = PBXFileReference; lastKnownFileType = sourcecode.swift; path = HomeHeader.swift; sourceTree = "<group>"; };
		97C0B7F32A774D24002BFFF8 /* HotelSearchs.swift */ = {isa = PBXFileReference; lastKnownFileType = sourcecode.swift; path = HotelSearchs.swift; sourceTree = "<group>"; };
		97C0B7F62A77569A002BFFF8 /* HotelCellView.swift */ = {isa = PBXFileReference; lastKnownFileType = sourcecode.swift; path = HotelCellView.swift; sourceTree = "<group>"; };
		97C0B7F92A776645002BFFF8 /* HotelDescriptionView.swift */ = {isa = PBXFileReference; lastKnownFileType = sourcecode.swift; path = HotelDescriptionView.swift; sourceTree = "<group>"; };
		97C0B7FB2A77687F002BFFF8 /* HotelSearchRequestModels.swift */ = {isa = PBXFileReference; lastKnownFileType = sourcecode.swift; path = HotelSearchRequestModels.swift; sourceTree = "<group>"; };
		97C0B7FF2A777039002BFFF8 /* FilterHeaderView.swift */ = {isa = PBXFileReference; lastKnownFileType = sourcecode.swift; path = FilterHeaderView.swift; sourceTree = "<group>"; };
		97C0B8012A77705C002BFFF8 /* PriceFilterView.swift */ = {isa = PBXFileReference; lastKnownFileType = sourcecode.swift; path = PriceFilterView.swift; sourceTree = "<group>"; };
		97C0B8032A777090002BFFF8 /* RatingFilterView.swift */ = {isa = PBXFileReference; lastKnownFileType = sourcecode.swift; path = RatingFilterView.swift; sourceTree = "<group>"; };
		97C0B8052A7770BE002BFFF8 /* FilterFooterBarView.swift */ = {isa = PBXFileReference; lastKnownFileType = sourcecode.swift; path = FilterFooterBarView.swift; sourceTree = "<group>"; };
		97F24F142A742A730088BBFC /* ProfileView.swift */ = {isa = PBXFileReference; lastKnownFileType = sourcecode.swift; path = ProfileView.swift; sourceTree = "<group>"; };
		97F24F162A7578EE0088BBFC /* HotelInteractor.swift */ = {isa = PBXFileReference; lastKnownFileType = sourcecode.swift; path = HotelInteractor.swift; sourceTree = "<group>"; };
		97F24F182A76500C0088BBFC /* HotelListView.swift */ = {isa = PBXFileReference; lastKnownFileType = sourcecode.swift; path = HotelListView.swift; sourceTree = "<group>"; };
		97F24F1A2A7650180088BBFC /* HotelDetailView.swift */ = {isa = PBXFileReference; lastKnownFileType = sourcecode.swift; path = HotelDetailView.swift; sourceTree = "<group>"; };
		97F24F1C2A7650DD0088BBFC /* HotelSearchModels.swift */ = {isa = PBXFileReference; lastKnownFileType = sourcecode.swift; path = HotelSearchModels.swift; sourceTree = "<group>"; };
		97F24F1F2A76513F0088BBFC /* HotelPropertyModels.swift */ = {isa = PBXFileReference; lastKnownFileType = sourcecode.swift; path = HotelPropertyModels.swift; sourceTree = "<group>"; };
		97F24F222A7659CD0088BBFC /* Date+Tomorrow.swift */ = {isa = PBXFileReference; lastKnownFileType = sourcecode.swift; path = "Date+Tomorrow.swift"; sourceTree = "<group>"; };
		97F24F242A7661C00088BBFC /* StubData.swift */ = {isa = PBXFileReference; lastKnownFileType = sourcecode.swift; path = StubData.swift; sourceTree = "<group>"; };
		97F24F272A7668E60088BBFC /* Hotels.swift */ = {isa = PBXFileReference; lastKnownFileType = sourcecode.swift; path = Hotels.swift; sourceTree = "<group>"; };
		97F24F292A7669000088BBFC /* PropertyImages.swift */ = {isa = PBXFileReference; lastKnownFileType = sourcecode.swift; path = PropertyImages.swift; sourceTree = "<group>"; };
		97F24F2B2A7669230088BBFC /* ImageDatas.swift */ = {isa = PBXFileReference; lastKnownFileType = sourcecode.swift; path = ImageDatas.swift; sourceTree = "<group>"; };
		97F24F2D2A7669590088BBFC /* URLs.swift */ = {isa = PBXFileReference; lastKnownFileType = sourcecode.swift; path = URLs.swift; sourceTree = "<group>"; };
		97F24F2F2A7669D60088BBFC /* PropertyPrices.swift */ = {isa = PBXFileReference; lastKnownFileType = sourcecode.swift; path = PropertyPrices.swift; sourceTree = "<group>"; };
		97F24F312A7669EF0088BBFC /* PropertyReviews.swift */ = {isa = PBXFileReference; lastKnownFileType = sourcecode.swift; path = PropertyReviews.swift; sourceTree = "<group>"; };
		97F24F332A766A090088BBFC /* PropertyPriceLeads.swift */ = {isa = PBXFileReference; lastKnownFileType = sourcecode.swift; path = PropertyPriceLeads.swift; sourceTree = "<group>"; };
		97F24F352A766A220088BBFC /* PropertyPriceCurrencyInfos.swift */ = {isa = PBXFileReference; lastKnownFileType = sourcecode.swift; path = PropertyPriceCurrencyInfos.swift; sourceTree = "<group>"; };
		97F24F372A766A530088BBFC /* PropertyPriceMessages.swift */ = {isa = PBXFileReference; lastKnownFileType = sourcecode.swift; path = PropertyPriceMessages.swift; sourceTree = "<group>"; };
		97F24F392A76C3AE0088BBFC /* HotelListFilterView.swift */ = {isa = PBXFileReference; lastKnownFileType = sourcecode.swift; path = HotelListFilterView.swift; sourceTree = "<group>"; };
		97F24F3E2A76F35E0088BBFC /* Color+Styles.swift */ = {isa = PBXFileReference; lastKnownFileType = sourcecode.swift; path = "Color+Styles.swift"; sourceTree = "<group>"; };
		97F24F402A76F6D80088BBFC /* Date+Componants.swift */ = {isa = PBXFileReference; lastKnownFileType = sourcecode.swift; path = "Date+Componants.swift"; sourceTree = "<group>"; };
		97F24F422A76F7130088BBFC /* GlobalConsts.swift */ = {isa = PBXFileReference; lastKnownFileType = sourcecode.swift; path = GlobalConsts.swift; sourceTree = "<group>"; };
		F9BF20D72A6A896E006C0C49 /* ShackleHotelBuddy.app */ = {isa = PBXFileReference; explicitFileType = wrapper.application; includeInIndex = 0; path = ShackleHotelBuddy.app; sourceTree = BUILT_PRODUCTS_DIR; };
		F9BF20DA2A6A896E006C0C49 /* ShackleHotelBuddyApp.swift */ = {isa = PBXFileReference; lastKnownFileType = sourcecode.swift; path = ShackleHotelBuddyApp.swift; sourceTree = "<group>"; };
		F9BF20DC2A6A896E006C0C49 /* HomeView.swift */ = {isa = PBXFileReference; lastKnownFileType = sourcecode.swift; path = HomeView.swift; sourceTree = "<group>"; };
		F9BF20DE2A6A8970006C0C49 /* Assets.xcassets */ = {isa = PBXFileReference; lastKnownFileType = folder.assetcatalog; path = Assets.xcassets; sourceTree = "<group>"; };
		F9BF20E72A6A8971006C0C49 /* ShackleHotelBuddyTests.xctest */ = {isa = PBXFileReference; explicitFileType = wrapper.cfbundle; includeInIndex = 0; path = ShackleHotelBuddyTests.xctest; sourceTree = BUILT_PRODUCTS_DIR; };
		F9BF20EB2A6A8971006C0C49 /* ShackleHotelBuddyTests.swift */ = {isa = PBXFileReference; lastKnownFileType = sourcecode.swift; path = ShackleHotelBuddyTests.swift; sourceTree = "<group>"; };
		F9BF20F12A6A8971006C0C49 /* ShackleHotelBuddyUITests.xctest */ = {isa = PBXFileReference; explicitFileType = wrapper.cfbundle; includeInIndex = 0; path = ShackleHotelBuddyUITests.xctest; sourceTree = BUILT_PRODUCTS_DIR; };
		F9BF20F52A6A8971006C0C49 /* ShackleHotelBuddyUITests.swift */ = {isa = PBXFileReference; lastKnownFileType = sourcecode.swift; path = ShackleHotelBuddyUITests.swift; sourceTree = "<group>"; };
		F9BF20F72A6A8971006C0C49 /* ShackleHotelBuddyUITestsLaunchTests.swift */ = {isa = PBXFileReference; lastKnownFileType = sourcecode.swift; path = ShackleHotelBuddyUITestsLaunchTests.swift; sourceTree = "<group>"; };
/* End PBXFileReference section */

/* Begin PBXFrameworksBuildPhase section */
		F9BF20D42A6A896E006C0C49 /* Frameworks */ = {
			isa = PBXFrameworksBuildPhase;
			buildActionMask = 2147483647;
			files = (
				97F24F3D2A76CFF10088BBFC /* RangeUISlider in Frameworks */,
			);
			runOnlyForDeploymentPostprocessing = 0;
		};
		F9BF20E42A6A8971006C0C49 /* Frameworks */ = {
			isa = PBXFrameworksBuildPhase;
			buildActionMask = 2147483647;
			files = (
			);
			runOnlyForDeploymentPostprocessing = 0;
		};
		F9BF20EE2A6A8971006C0C49 /* Frameworks */ = {
			isa = PBXFrameworksBuildPhase;
			buildActionMask = 2147483647;
			files = (
			);
			runOnlyForDeploymentPostprocessing = 0;
		};
/* End PBXFrameworksBuildPhase section */

/* Begin PBXGroup section */
		97C0B7EC2A774A86002BFFF8 /* Home */ = {
			isa = PBXGroup;
			children = (
				F9BF20DC2A6A896E006C0C49 /* HomeView.swift */,
				97C0B7ED2A774A93002BFFF8 /* SearchCriteriaEntryView.swift */,
				97C0B7EF2A774AB8002BFFF8 /* SearchHistoryTable.swift */,
				97C0B7F12A774AE7002BFFF8 /* HomeHeader.swift */,
			);
			path = Home;
			sourceTree = "<group>";
		};
		97C0B7F52A77568A002BFFF8 /* List */ = {
			isa = PBXGroup;
			children = (
				97F24F182A76500C0088BBFC /* HotelListView.swift */,
				97C0B7F62A77569A002BFFF8 /* HotelCellView.swift */,
			);
			path = List;
			sourceTree = "<group>";
		};
		97C0B7F82A776635002BFFF8 /* Detail */ = {
			isa = PBXGroup;
			children = (
				97F24F1A2A7650180088BBFC /* HotelDetailView.swift */,
				97C0B7F92A776645002BFFF8 /* HotelDescriptionView.swift */,
			);
			path = Detail;
			sourceTree = "<group>";
		};
		97C0B7FD2A7768BF002BFFF8 /* Models */ = {
			isa = PBXGroup;
			children = (
				97F24F1F2A76513F0088BBFC /* HotelPropertyModels.swift */,
				97C0B7FB2A77687F002BFFF8 /* HotelSearchRequestModels.swift */,
				97F24F1C2A7650DD0088BBFC /* HotelSearchModels.swift */,
			);
			path = Models;
			sourceTree = "<group>";
		};
		97C0B7FE2A7768E7002BFFF8 /* Filtering */ = {
			isa = PBXGroup;
			children = (
				97F24F392A76C3AE0088BBFC /* HotelListFilterView.swift */,
				97C0B7FF2A777039002BFFF8 /* FilterHeaderView.swift */,
				97C0B8012A77705C002BFFF8 /* PriceFilterView.swift */,
				97C0B8032A777090002BFFF8 /* RatingFilterView.swift */,
				97C0B8052A7770BE002BFFF8 /* FilterFooterBarView.swift */,
			);
			path = Filtering;
			sourceTree = "<group>";
		};
		97F24F1E2A7651230088BBFC /* Views */ = {
			isa = PBXGroup;
			children = (
				97C0B7EC2A774A86002BFFF8 /* Home */,
				97C0B7F52A77568A002BFFF8 /* List */,
				97C0B7F82A776635002BFFF8 /* Detail */,
				97C0B7FE2A7768E7002BFFF8 /* Filtering */,
				97F24F142A742A730088BBFC /* ProfileView.swift */,
			);
			path = Views;
			sourceTree = "<group>";
		};
		97F24F212A76599C0088BBFC /* Helpers */ = {
			isa = PBXGroup;
			children = (
				97F24F222A7659CD0088BBFC /* Date+Tomorrow.swift */,
				97F24F422A76F7130088BBFC /* GlobalConsts.swift */,
				97F24F402A76F6D80088BBFC /* Date+Componants.swift */,
				97F24F3E2A76F35E0088BBFC /* Color+Styles.swift */,
			);
			path = Helpers;
			sourceTree = "<group>";
		};
		97F24F262A7668D70088BBFC /* StubData */ = {
			isa = PBXGroup;
			children = (
				97F24F242A7661C00088BBFC /* StubData.swift */,
				97F24F312A7669EF0088BBFC /* PropertyReviews.swift */,
				97F24F352A766A220088BBFC /* PropertyPriceCurrencyInfos.swift */,
				97F24F332A766A090088BBFC /* PropertyPriceLeads.swift */,
				97F24F2F2A7669D60088BBFC /* PropertyPrices.swift */,
				97C0B7F32A774D24002BFFF8 /* HotelSearchs.swift */,
				97F24F272A7668E60088BBFC /* Hotels.swift */,
				97F24F2D2A7669590088BBFC /* URLs.swift */,
				97F24F292A7669000088BBFC /* PropertyImages.swift */,
				97F24F372A766A530088BBFC /* PropertyPriceMessages.swift */,
				97F24F2B2A7669230088BBFC /* ImageDatas.swift */,
			);
			path = StubData;
			sourceTree = "<group>";
		};
		F9BF20CE2A6A896E006C0C49 = {
			isa = PBXGroup;
			children = (
				F9BF20D92A6A896E006C0C49 /* ShackleHotelBuddy */,
				F9BF20EA2A6A8971006C0C49 /* ShackleHotelBuddyTests */,
				F9BF20F42A6A8971006C0C49 /* ShackleHotelBuddyUITests */,
				F9BF20D82A6A896E006C0C49 /* Products */,
			);
			sourceTree = "<group>";
		};
		F9BF20D82A6A896E006C0C49 /* Products */ = {
			isa = PBXGroup;
			children = (
				F9BF20D72A6A896E006C0C49 /* ShackleHotelBuddy.app */,
				F9BF20E72A6A8971006C0C49 /* ShackleHotelBuddyTests.xctest */,
				F9BF20F12A6A8971006C0C49 /* ShackleHotelBuddyUITests.xctest */,
			);
			name = Products;
			sourceTree = "<group>";
		};
		F9BF20D92A6A896E006C0C49 /* ShackleHotelBuddy */ = {
			isa = PBXGroup;
			children = (
				F9BF20DA2A6A896E006C0C49 /* ShackleHotelBuddyApp.swift */,
				97F24F1E2A7651230088BBFC /* Views */,
				97F24F162A7578EE0088BBFC /* HotelInteractor.swift */,
				97C0B7FD2A7768BF002BFFF8 /* Models */,
				97F24F262A7668D70088BBFC /* StubData */,
				97F24F212A76599C0088BBFC /* Helpers */,
				F9BF20DE2A6A8970006C0C49 /* Assets.xcassets */,
			);
			path = ShackleHotelBuddy;
			sourceTree = "<group>";
		};
		F9BF20EA2A6A8971006C0C49 /* ShackleHotelBuddyTests */ = {
			isa = PBXGroup;
			children = (
				F9BF20EB2A6A8971006C0C49 /* ShackleHotelBuddyTests.swift */,
			);
			path = ShackleHotelBuddyTests;
			sourceTree = "<group>";
		};
		F9BF20F42A6A8971006C0C49 /* ShackleHotelBuddyUITests */ = {
			isa = PBXGroup;
			children = (
				F9BF20F52A6A8971006C0C49 /* ShackleHotelBuddyUITests.swift */,
				F9BF20F72A6A8971006C0C49 /* ShackleHotelBuddyUITestsLaunchTests.swift */,
			);
			path = ShackleHotelBuddyUITests;
			sourceTree = "<group>";
		};
/* End PBXGroup section */

/* Begin PBXNativeTarget section */
		F9BF20D62A6A896E006C0C49 /* ShackleHotelBuddy */ = {
			isa = PBXNativeTarget;
			buildConfigurationList = F9BF20FB2A6A8971006C0C49 /* Build configuration list for PBXNativeTarget "ShackleHotelBuddy" */;
			buildPhases = (
				F9BF20D32A6A896E006C0C49 /* Sources */,
				F9BF20D42A6A896E006C0C49 /* Frameworks */,
				F9BF20D52A6A896E006C0C49 /* Resources */,
			);
			buildRules = (
			);
			dependencies = (
			);
			name = ShackleHotelBuddy;
			packageProductDependencies = (
				97F24F3C2A76CFF10088BBFC /* RangeUISlider */,
			);
			productName = ShackleHotelBuddy;
			productReference = F9BF20D72A6A896E006C0C49 /* ShackleHotelBuddy.app */;
			productType = "com.apple.product-type.application";
		};
		F9BF20E62A6A8971006C0C49 /* ShackleHotelBuddyTests */ = {
			isa = PBXNativeTarget;
			buildConfigurationList = F9BF20FE2A6A8971006C0C49 /* Build configuration list for PBXNativeTarget "ShackleHotelBuddyTests" */;
			buildPhases = (
				F9BF20E32A6A8971006C0C49 /* Sources */,
				F9BF20E42A6A8971006C0C49 /* Frameworks */,
				F9BF20E52A6A8971006C0C49 /* Resources */,
			);
			buildRules = (
			);
			dependencies = (
				F9BF20E92A6A8971006C0C49 /* PBXTargetDependency */,
			);
			name = ShackleHotelBuddyTests;
			productName = ShackleHotelBuddyTests;
			productReference = F9BF20E72A6A8971006C0C49 /* ShackleHotelBuddyTests.xctest */;
			productType = "com.apple.product-type.bundle.unit-test";
		};
		F9BF20F02A6A8971006C0C49 /* ShackleHotelBuddyUITests */ = {
			isa = PBXNativeTarget;
			buildConfigurationList = F9BF21012A6A8971006C0C49 /* Build configuration list for PBXNativeTarget "ShackleHotelBuddyUITests" */;
			buildPhases = (
				F9BF20ED2A6A8971006C0C49 /* Sources */,
				F9BF20EE2A6A8971006C0C49 /* Frameworks */,
				F9BF20EF2A6A8971006C0C49 /* Resources */,
			);
			buildRules = (
			);
			dependencies = (
				F9BF20F32A6A8971006C0C49 /* PBXTargetDependency */,
			);
			name = ShackleHotelBuddyUITests;
			productName = ShackleHotelBuddyUITests;
			productReference = F9BF20F12A6A8971006C0C49 /* ShackleHotelBuddyUITests.xctest */;
			productType = "com.apple.product-type.bundle.ui-testing";
		};
/* End PBXNativeTarget section */

/* Begin PBXProject section */
		F9BF20CF2A6A896E006C0C49 /* Project object */ = {
			isa = PBXProject;
			attributes = {
				BuildIndependentTargetsInParallel = 1;
				LastSwiftUpdateCheck = 1420;
				LastUpgradeCheck = 1420;
				TargetAttributes = {
					F9BF20D62A6A896E006C0C49 = {
						CreatedOnToolsVersion = 14.2;
					};
					F9BF20E62A6A8971006C0C49 = {
						CreatedOnToolsVersion = 14.2;
						TestTargetID = F9BF20D62A6A896E006C0C49;
					};
					F9BF20F02A6A8971006C0C49 = {
						CreatedOnToolsVersion = 14.2;
						TestTargetID = F9BF20D62A6A896E006C0C49;
					};
				};
			};
			buildConfigurationList = F9BF20D22A6A896E006C0C49 /* Build configuration list for PBXProject "ShackleHotelBuddy" */;
			compatibilityVersion = "Xcode 14.0";
			developmentRegion = en;
			hasScannedForEncodings = 0;
			knownRegions = (
				en,
				Base,
			);
			mainGroup = F9BF20CE2A6A896E006C0C49;
			packageReferences = (
				97F24F3B2A76CFF10088BBFC /* XCRemoteSwiftPackageReference "RangeUISlider" */,
			);
			productRefGroup = F9BF20D82A6A896E006C0C49 /* Products */;
			projectDirPath = "";
			projectRoot = "";
			targets = (
				F9BF20D62A6A896E006C0C49 /* ShackleHotelBuddy */,
				F9BF20E62A6A8971006C0C49 /* ShackleHotelBuddyTests */,
				F9BF20F02A6A8971006C0C49 /* ShackleHotelBuddyUITests */,
			);
		};
/* End PBXProject section */

/* Begin PBXResourcesBuildPhase section */
		F9BF20D52A6A896E006C0C49 /* Resources */ = {
			isa = PBXResourcesBuildPhase;
			buildActionMask = 2147483647;
			files = (
				F9BF20DF2A6A8970006C0C49 /* Assets.xcassets in Resources */,
			);
			runOnlyForDeploymentPostprocessing = 0;
		};
		F9BF20E52A6A8971006C0C49 /* Resources */ = {
			isa = PBXResourcesBuildPhase;
			buildActionMask = 2147483647;
			files = (
			);
			runOnlyForDeploymentPostprocessing = 0;
		};
		F9BF20EF2A6A8971006C0C49 /* Resources */ = {
			isa = PBXResourcesBuildPhase;
			buildActionMask = 2147483647;
			files = (
			);
			runOnlyForDeploymentPostprocessing = 0;
		};
/* End PBXResourcesBuildPhase section */

/* Begin PBXSourcesBuildPhase section */
		F9BF20D32A6A896E006C0C49 /* Sources */ = {
			isa = PBXSourcesBuildPhase;
			buildActionMask = 2147483647;
			files = (
				F9BF20DD2A6A896E006C0C49 /* HomeView.swift in Sources */,
				97F24F152A742A730088BBFC /* ProfileView.swift in Sources */,
				97F24F362A766A220088BBFC /* PropertyPriceCurrencyInfos.swift in Sources */,
				97F24F1B2A7650180088BBFC /* HotelDetailView.swift in Sources */,
				97C0B8022A77705C002BFFF8 /* PriceFilterView.swift in Sources */,
				97F24F2E2A7669590088BBFC /* URLs.swift in Sources */,
				97C0B8042A777090002BFFF8 /* RatingFilterView.swift in Sources */,
				F9BF20DB2A6A896E006C0C49 /* ShackleHotelBuddyApp.swift in Sources */,
				97C0B7FC2A77687F002BFFF8 /* HotelSearchRequestModels.swift in Sources */,
				97F24F432A76F7130088BBFC /* GlobalConsts.swift in Sources */,
				97F24F3F2A76F35E0088BBFC /* Color+Styles.swift in Sources */,
				97F24F412A76F6D80088BBFC /* Date+Componants.swift in Sources */,
				97C0B7F72A77569A002BFFF8 /* HotelCellView.swift in Sources */,
				97C0B7F42A774D24002BFFF8 /* HotelSearchs.swift in Sources */,
				97F24F1D2A7650DD0088BBFC /* HotelSearchModels.swift in Sources */,
				97F24F302A7669D60088BBFC /* PropertyPrices.swift in Sources */,
				97F24F282A7668E60088BBFC /* Hotels.swift in Sources */,
				97F24F2A2A7669000088BBFC /* PropertyImages.swift in Sources */,
				97F24F232A7659CD0088BBFC /* Date+Tomorrow.swift in Sources */,
				97C0B7FA2A776645002BFFF8 /* HotelDescriptionView.swift in Sources */,
				97F24F342A766A090088BBFC /* PropertyPriceLeads.swift in Sources */,
				97C0B8062A7770BE002BFFF8 /* FilterFooterBarView.swift in Sources */,
				97F24F322A7669EF0088BBFC /* PropertyReviews.swift in Sources */,
				97C0B7F02A774AB8002BFFF8 /* SearchHistoryTable.swift in Sources */,
				97F24F3A2A76C3AE0088BBFC /* HotelListFilterView.swift in Sources */,
				97F24F382A766A530088BBFC /* PropertyPriceMessages.swift in Sources */,
				97C0B7F22A774AE7002BFFF8 /* HomeHeader.swift in Sources */,
				97C0B8002A777039002BFFF8 /* FilterHeaderView.swift in Sources */,
				97F24F192A76500C0088BBFC /* HotelListView.swift in Sources */,
				97F24F172A7578EE0088BBFC /* HotelInteractor.swift in Sources */,
				97F24F202A76513F0088BBFC /* HotelPropertyModels.swift in Sources */,
				97F24F2C2A7669230088BBFC /* ImageDatas.swift in Sources */,
				97C0B7EE2A774A93002BFFF8 /* SearchCriteriaEntryView.swift in Sources */,
				97F24F252A7661C00088BBFC /* StubData.swift in Sources */,
			);
			runOnlyForDeploymentPostprocessing = 0;
		};
		F9BF20E32A6A8971006C0C49 /* Sources */ = {
			isa = PBXSourcesBuildPhase;
			buildActionMask = 2147483647;
			files = (
				F9BF20EC2A6A8971006C0C49 /* ShackleHotelBuddyTests.swift in Sources */,
			);
			runOnlyForDeploymentPostprocessing = 0;
		};
		F9BF20ED2A6A8971006C0C49 /* Sources */ = {
			isa = PBXSourcesBuildPhase;
			buildActionMask = 2147483647;
			files = (
				F9BF20F82A6A8971006C0C49 /* ShackleHotelBuddyUITestsLaunchTests.swift in Sources */,
				F9BF20F62A6A8971006C0C49 /* ShackleHotelBuddyUITests.swift in Sources */,
			);
			runOnlyForDeploymentPostprocessing = 0;
		};
/* End PBXSourcesBuildPhase section */

/* Begin PBXTargetDependency section */
		F9BF20E92A6A8971006C0C49 /* PBXTargetDependency */ = {
			isa = PBXTargetDependency;
			target = F9BF20D62A6A896E006C0C49 /* ShackleHotelBuddy */;
			targetProxy = F9BF20E82A6A8971006C0C49 /* PBXContainerItemProxy */;
		};
		F9BF20F32A6A8971006C0C49 /* PBXTargetDependency */ = {
			isa = PBXTargetDependency;
			target = F9BF20D62A6A896E006C0C49 /* ShackleHotelBuddy */;
			targetProxy = F9BF20F22A6A8971006C0C49 /* PBXContainerItemProxy */;
		};
/* End PBXTargetDependency section */

/* Begin XCBuildConfiguration section */
		F9BF20F92A6A8971006C0C49 /* Debug */ = {
			isa = XCBuildConfiguration;
			buildSettings = {
				ALWAYS_SEARCH_USER_PATHS = NO;
				CLANG_ANALYZER_NONNULL = YES;
				CLANG_ANALYZER_NUMBER_OBJECT_CONVERSION = YES_AGGRESSIVE;
				CLANG_CXX_LANGUAGE_STANDARD = "gnu++20";
				CLANG_ENABLE_MODULES = YES;
				CLANG_ENABLE_OBJC_ARC = YES;
				CLANG_ENABLE_OBJC_WEAK = YES;
				CLANG_WARN_BLOCK_CAPTURE_AUTORELEASING = YES;
				CLANG_WARN_BOOL_CONVERSION = YES;
				CLANG_WARN_COMMA = YES;
				CLANG_WARN_CONSTANT_CONVERSION = YES;
				CLANG_WARN_DEPRECATED_OBJC_IMPLEMENTATIONS = YES;
				CLANG_WARN_DIRECT_OBJC_ISA_USAGE = YES_ERROR;
				CLANG_WARN_DOCUMENTATION_COMMENTS = YES;
				CLANG_WARN_EMPTY_BODY = YES;
				CLANG_WARN_ENUM_CONVERSION = YES;
				CLANG_WARN_INFINITE_RECURSION = YES;
				CLANG_WARN_INT_CONVERSION = YES;
				CLANG_WARN_NON_LITERAL_NULL_CONVERSION = YES;
				CLANG_WARN_OBJC_IMPLICIT_RETAIN_SELF = YES;
				CLANG_WARN_OBJC_LITERAL_CONVERSION = YES;
				CLANG_WARN_OBJC_ROOT_CLASS = YES_ERROR;
				CLANG_WARN_QUOTED_INCLUDE_IN_FRAMEWORK_HEADER = YES;
				CLANG_WARN_RANGE_LOOP_ANALYSIS = YES;
				CLANG_WARN_STRICT_PROTOTYPES = YES;
				CLANG_WARN_SUSPICIOUS_MOVE = YES;
				CLANG_WARN_UNGUARDED_AVAILABILITY = YES_AGGRESSIVE;
				CLANG_WARN_UNREACHABLE_CODE = YES;
				CLANG_WARN__DUPLICATE_METHOD_MATCH = YES;
				COPY_PHASE_STRIP = NO;
				DEBUG_INFORMATION_FORMAT = dwarf;
				ENABLE_STRICT_OBJC_MSGSEND = YES;
				ENABLE_TESTABILITY = YES;
				GCC_C_LANGUAGE_STANDARD = gnu11;
				GCC_DYNAMIC_NO_PIC = NO;
				GCC_NO_COMMON_BLOCKS = YES;
				GCC_OPTIMIZATION_LEVEL = 0;
				GCC_PREPROCESSOR_DEFINITIONS = (
					"DEBUG=1",
					"$(inherited)",
				);
				GCC_WARN_64_TO_32_BIT_CONVERSION = YES;
				GCC_WARN_ABOUT_RETURN_TYPE = YES_ERROR;
				GCC_WARN_UNDECLARED_SELECTOR = YES;
				GCC_WARN_UNINITIALIZED_AUTOS = YES_AGGRESSIVE;
				GCC_WARN_UNUSED_FUNCTION = YES;
				GCC_WARN_UNUSED_VARIABLE = YES;
				IPHONEOS_DEPLOYMENT_TARGET = 16.2;
				MTL_ENABLE_DEBUG_INFO = INCLUDE_SOURCE;
				MTL_FAST_MATH = YES;
				ONLY_ACTIVE_ARCH = YES;
				SDKROOT = iphoneos;
				SWIFT_ACTIVE_COMPILATION_CONDITIONS = DEBUG;
				SWIFT_OPTIMIZATION_LEVEL = "-Onone";
			};
			name = Debug;
		};
		F9BF20FA2A6A8971006C0C49 /* Release */ = {
			isa = XCBuildConfiguration;
			buildSettings = {
				ALWAYS_SEARCH_USER_PATHS = NO;
				CLANG_ANALYZER_NONNULL = YES;
				CLANG_ANALYZER_NUMBER_OBJECT_CONVERSION = YES_AGGRESSIVE;
				CLANG_CXX_LANGUAGE_STANDARD = "gnu++20";
				CLANG_ENABLE_MODULES = YES;
				CLANG_ENABLE_OBJC_ARC = YES;
				CLANG_ENABLE_OBJC_WEAK = YES;
				CLANG_WARN_BLOCK_CAPTURE_AUTORELEASING = YES;
				CLANG_WARN_BOOL_CONVERSION = YES;
				CLANG_WARN_COMMA = YES;
				CLANG_WARN_CONSTANT_CONVERSION = YES;
				CLANG_WARN_DEPRECATED_OBJC_IMPLEMENTATIONS = YES;
				CLANG_WARN_DIRECT_OBJC_ISA_USAGE = YES_ERROR;
				CLANG_WARN_DOCUMENTATION_COMMENTS = YES;
				CLANG_WARN_EMPTY_BODY = YES;
				CLANG_WARN_ENUM_CONVERSION = YES;
				CLANG_WARN_INFINITE_RECURSION = YES;
				CLANG_WARN_INT_CONVERSION = YES;
				CLANG_WARN_NON_LITERAL_NULL_CONVERSION = YES;
				CLANG_WARN_OBJC_IMPLICIT_RETAIN_SELF = YES;
				CLANG_WARN_OBJC_LITERAL_CONVERSION = YES;
				CLANG_WARN_OBJC_ROOT_CLASS = YES_ERROR;
				CLANG_WARN_QUOTED_INCLUDE_IN_FRAMEWORK_HEADER = YES;
				CLANG_WARN_RANGE_LOOP_ANALYSIS = YES;
				CLANG_WARN_STRICT_PROTOTYPES = YES;
				CLANG_WARN_SUSPICIOUS_MOVE = YES;
				CLANG_WARN_UNGUARDED_AVAILABILITY = YES_AGGRESSIVE;
				CLANG_WARN_UNREACHABLE_CODE = YES;
				CLANG_WARN__DUPLICATE_METHOD_MATCH = YES;
				COPY_PHASE_STRIP = NO;
				DEBUG_INFORMATION_FORMAT = "dwarf-with-dsym";
				ENABLE_NS_ASSERTIONS = NO;
				ENABLE_STRICT_OBJC_MSGSEND = YES;
				GCC_C_LANGUAGE_STANDARD = gnu11;
				GCC_NO_COMMON_BLOCKS = YES;
				GCC_WARN_64_TO_32_BIT_CONVERSION = YES;
				GCC_WARN_ABOUT_RETURN_TYPE = YES_ERROR;
				GCC_WARN_UNDECLARED_SELECTOR = YES;
				GCC_WARN_UNINITIALIZED_AUTOS = YES_AGGRESSIVE;
				GCC_WARN_UNUSED_FUNCTION = YES;
				GCC_WARN_UNUSED_VARIABLE = YES;
				IPHONEOS_DEPLOYMENT_TARGET = 16.2;
				MTL_ENABLE_DEBUG_INFO = NO;
				MTL_FAST_MATH = YES;
				SDKROOT = iphoneos;
				SWIFT_COMPILATION_MODE = wholemodule;
				SWIFT_OPTIMIZATION_LEVEL = "-O";
				VALIDATE_PRODUCT = YES;
			};
			name = Release;
		};
		F9BF20FC2A6A8971006C0C49 /* Debug */ = {
			isa = XCBuildConfiguration;
			buildSettings = {
				ASSETCATALOG_COMPILER_APPICON_NAME = AppIcon;
				ASSETCATALOG_COMPILER_GLOBAL_ACCENT_COLOR_NAME = AccentColor;
				CODE_SIGN_STYLE = Automatic;
				CURRENT_PROJECT_VERSION = 1;
				DEVELOPMENT_TEAM = PK9QN6B6L5;
				ENABLE_PREVIEWS = YES;
				GENERATE_INFOPLIST_FILE = YES;
				INFOPLIST_KEY_UIApplicationSceneManifest_Generation = YES;
				INFOPLIST_KEY_UIApplicationSupportsIndirectInputEvents = YES;
				INFOPLIST_KEY_UILaunchScreen_Generation = YES;
				INFOPLIST_KEY_UISupportedInterfaceOrientations = "UIInterfaceOrientationPortrait UIInterfaceOrientationPortraitUpsideDown";
				INFOPLIST_KEY_UISupportedInterfaceOrientations_iPad = "UIInterfaceOrientationLandscapeLeft UIInterfaceOrientationLandscapeRight UIInterfaceOrientationPortrait UIInterfaceOrientationPortraitUpsideDown";
				IPHONEOS_DEPLOYMENT_TARGET = 15.0;
				LD_RUNPATH_SEARCH_PATHS = (
					"$(inherited)",
					"@executable_path/Frameworks",
				);
				MARKETING_VERSION = 1.0;
				PRODUCT_BUNDLE_IDENTIFIER = com.exploreshackle.iosinterview.ShackleHotelBuddy;
				PRODUCT_NAME = "$(TARGET_NAME)";
				SUPPORTED_PLATFORMS = "iphoneos iphonesimulator";
				SUPPORTS_MACCATALYST = NO;
				SUPPORTS_MAC_DESIGNED_FOR_IPHONE_IPAD = NO;
				SWIFT_EMIT_LOC_STRINGS = YES;
				SWIFT_VERSION = 5.0;
				TARGETED_DEVICE_FAMILY = 1;
			};
			name = Debug;
		};
		F9BF20FD2A6A8971006C0C49 /* Release */ = {
			isa = XCBuildConfiguration;
			buildSettings = {
				ASSETCATALOG_COMPILER_APPICON_NAME = AppIcon;
				ASSETCATALOG_COMPILER_GLOBAL_ACCENT_COLOR_NAME = AccentColor;
				CODE_SIGN_STYLE = Automatic;
				CURRENT_PROJECT_VERSION = 1;
				DEVELOPMENT_TEAM = PK9QN6B6L5;
				ENABLE_PREVIEWS = YES;
				GENERATE_INFOPLIST_FILE = YES;
				INFOPLIST_KEY_UIApplicationSceneManifest_Generation = YES;
				INFOPLIST_KEY_UIApplicationSupportsIndirectInputEvents = YES;
				INFOPLIST_KEY_UILaunchScreen_Generation = YES;
				INFOPLIST_KEY_UISupportedInterfaceOrientations = "UIInterfaceOrientationPortrait UIInterfaceOrientationPortraitUpsideDown";
				INFOPLIST_KEY_UISupportedInterfaceOrientations_iPad = "UIInterfaceOrientationLandscapeLeft UIInterfaceOrientationLandscapeRight UIInterfaceOrientationPortrait UIInterfaceOrientationPortraitUpsideDown";
				IPHONEOS_DEPLOYMENT_TARGET = 15.0;
				LD_RUNPATH_SEARCH_PATHS = (
					"$(inherited)",
					"@executable_path/Frameworks",
				);
				MARKETING_VERSION = 1.0;
				PRODUCT_BUNDLE_IDENTIFIER = com.exploreshackle.iosinterview.ShackleHotelBuddy;
				PRODUCT_NAME = "$(TARGET_NAME)";
				SUPPORTED_PLATFORMS = "iphoneos iphonesimulator";
				SUPPORTS_MACCATALYST = NO;
				SUPPORTS_MAC_DESIGNED_FOR_IPHONE_IPAD = NO;
				SWIFT_EMIT_LOC_STRINGS = YES;
				SWIFT_VERSION = 5.0;
				TARGETED_DEVICE_FAMILY = 1;
			};
			name = Release;
		};
		F9BF20FF2A6A8971006C0C49 /* Debug */ = {
			isa = XCBuildConfiguration;
			buildSettings = {
				ALWAYS_EMBED_SWIFT_STANDARD_LIBRARIES = YES;
				BUNDLE_LOADER = "$(TEST_HOST)";
				CODE_SIGN_STYLE = Automatic;
				CURRENT_PROJECT_VERSION = 1;
				DEVELOPMENT_TEAM = PK9QN6B6L5;
				GENERATE_INFOPLIST_FILE = YES;
				IPHONEOS_DEPLOYMENT_TARGET = 16.2;
				MARKETING_VERSION = 1.0;
				PRODUCT_BUNDLE_IDENTIFIER = com.exploreshackle.iosinterview.ShackleHotelBuddyTests;
				PRODUCT_NAME = "$(TARGET_NAME)";
				SWIFT_EMIT_LOC_STRINGS = NO;
				SWIFT_VERSION = 5.0;
				TARGETED_DEVICE_FAMILY = "1,2";
				TEST_HOST = "$(BUILT_PRODUCTS_DIR)/ShackleHotelBuddy.app/$(BUNDLE_EXECUTABLE_FOLDER_PATH)/ShackleHotelBuddy";
			};
			name = Debug;
		};
		F9BF21002A6A8971006C0C49 /* Release */ = {
			isa = XCBuildConfiguration;
			buildSettings = {
				ALWAYS_EMBED_SWIFT_STANDARD_LIBRARIES = YES;
				BUNDLE_LOADER = "$(TEST_HOST)";
				CODE_SIGN_STYLE = Automatic;
				CURRENT_PROJECT_VERSION = 1;
				DEVELOPMENT_TEAM = PK9QN6B6L5;
				GENERATE_INFOPLIST_FILE = YES;
				IPHONEOS_DEPLOYMENT_TARGET = 16.2;
				MARKETING_VERSION = 1.0;
				PRODUCT_BUNDLE_IDENTIFIER = com.exploreshackle.iosinterview.ShackleHotelBuddyTests;
				PRODUCT_NAME = "$(TARGET_NAME)";
				SWIFT_EMIT_LOC_STRINGS = NO;
				SWIFT_VERSION = 5.0;
				TARGETED_DEVICE_FAMILY = "1,2";
				TEST_HOST = "$(BUILT_PRODUCTS_DIR)/ShackleHotelBuddy.app/$(BUNDLE_EXECUTABLE_FOLDER_PATH)/ShackleHotelBuddy";
			};
			name = Release;
		};
		F9BF21022A6A8971006C0C49 /* Debug */ = {
			isa = XCBuildConfiguration;
			buildSettings = {
				ALWAYS_EMBED_SWIFT_STANDARD_LIBRARIES = YES;
				CODE_SIGN_STYLE = Automatic;
				CURRENT_PROJECT_VERSION = 1;
				DEVELOPMENT_TEAM = PK9QN6B6L5;
				GENERATE_INFOPLIST_FILE = YES;
				MARKETING_VERSION = 1.0;
				PRODUCT_BUNDLE_IDENTIFIER = com.exploreshackle.iosinterview.ShackleHotelBuddyUITests;
				PRODUCT_NAME = "$(TARGET_NAME)";
				SWIFT_EMIT_LOC_STRINGS = NO;
				SWIFT_VERSION = 5.0;
				TARGETED_DEVICE_FAMILY = "1,2";
				TEST_TARGET_NAME = ShackleHotelBuddy;
			};
			name = Debug;
		};
		F9BF21032A6A8971006C0C49 /* Release */ = {
			isa = XCBuildConfiguration;
			buildSettings = {
				ALWAYS_EMBED_SWIFT_STANDARD_LIBRARIES = YES;
				CODE_SIGN_STYLE = Automatic;
				CURRENT_PROJECT_VERSION = 1;
				DEVELOPMENT_TEAM = PK9QN6B6L5;
				GENERATE_INFOPLIST_FILE = YES;
				MARKETING_VERSION = 1.0;
				PRODUCT_BUNDLE_IDENTIFIER = com.exploreshackle.iosinterview.ShackleHotelBuddyUITests;
				PRODUCT_NAME = "$(TARGET_NAME)";
				SWIFT_EMIT_LOC_STRINGS = NO;
				SWIFT_VERSION = 5.0;
				TARGETED_DEVICE_FAMILY = "1,2";
				TEST_TARGET_NAME = ShackleHotelBuddy;
			};
			name = Release;
		};
/* End XCBuildConfiguration section */

/* Begin XCConfigurationList section */
		F9BF20D22A6A896E006C0C49 /* Build configuration list for PBXProject "ShackleHotelBuddy" */ = {
			isa = XCConfigurationList;
			buildConfigurations = (
				F9BF20F92A6A8971006C0C49 /* Debug */,
				F9BF20FA2A6A8971006C0C49 /* Release */,
			);
			defaultConfigurationIsVisible = 0;
			defaultConfigurationName = Release;
		};
		F9BF20FB2A6A8971006C0C49 /* Build configuration list for PBXNativeTarget "ShackleHotelBuddy" */ = {
			isa = XCConfigurationList;
			buildConfigurations = (
				F9BF20FC2A6A8971006C0C49 /* Debug */,
				F9BF20FD2A6A8971006C0C49 /* Release */,
			);
			defaultConfigurationIsVisible = 0;
			defaultConfigurationName = Release;
		};
		F9BF20FE2A6A8971006C0C49 /* Build configuration list for PBXNativeTarget "ShackleHotelBuddyTests" */ = {
			isa = XCConfigurationList;
			buildConfigurations = (
				F9BF20FF2A6A8971006C0C49 /* Debug */,
				F9BF21002A6A8971006C0C49 /* Release */,
			);
			defaultConfigurationIsVisible = 0;
			defaultConfigurationName = Release;
		};
		F9BF21012A6A8971006C0C49 /* Build configuration list for PBXNativeTarget "ShackleHotelBuddyUITests" */ = {
			isa = XCConfigurationList;
			buildConfigurations = (
				F9BF21022A6A8971006C0C49 /* Debug */,
				F9BF21032A6A8971006C0C49 /* Release */,
			);
			defaultConfigurationIsVisible = 0;
			defaultConfigurationName = Release;
		};
/* End XCConfigurationList section */

/* Begin XCRemoteSwiftPackageReference section */
		97F24F3B2A76CFF10088BBFC /* XCRemoteSwiftPackageReference "RangeUISlider" */ = {
			isa = XCRemoteSwiftPackageReference;
			repositoryURL = "https://github.com/chicio/RangeUISlider";
			requirement = {
				kind = exactVersion;
				version = 4.0.0;
			};
		};
/* End XCRemoteSwiftPackageReference section */

/* Begin XCSwiftPackageProductDependency section */
		97F24F3C2A76CFF10088BBFC /* RangeUISlider */ = {
			isa = XCSwiftPackageProductDependency;
			package = 97F24F3B2A76CFF10088BBFC /* XCRemoteSwiftPackageReference "RangeUISlider" */;
			productName = RangeUISlider;
		};
/* End XCSwiftPackageProductDependency section */
	};
	rootObject = F9BF20CF2A6A896E006C0C49 /* Project object */;
}
